// !$*UTF8*$!
{
	archiveVersion = 1;
	classes = {
	};
	objectVersion = 56;
	objects = {

/* Begin PBXBuildFile section */
		233FBCD329AAA9CE008CB891 /* AppDelegate.swift in Sources */ = {isa = PBXBuildFile; fileRef = 233FBCD229AAA9CE008CB891 /* AppDelegate.swift */; };
		233FBCD529AAA9CE008CB891 /* SceneDelegate.swift in Sources */ = {isa = PBXBuildFile; fileRef = 233FBCD429AAA9CE008CB891 /* SceneDelegate.swift */; };
		233FBCDA29AAA9CE008CB891 /* Main.storyboard in Resources */ = {isa = PBXBuildFile; fileRef = 233FBCD829AAA9CE008CB891 /* Main.storyboard */; };
		233FBCDC29AAA9CF008CB891 /* Assets.xcassets in Resources */ = {isa = PBXBuildFile; fileRef = 233FBCDB29AAA9CF008CB891 /* Assets.xcassets */; };
		233FBCDF29AAA9CF008CB891 /* LaunchScreen.storyboard in Resources */ = {isa = PBXBuildFile; fileRef = 233FBCDD29AAA9CF008CB891 /* LaunchScreen.storyboard */; };
		233FBCEA29AAAA8B008CB891 /* Rover.swift in Sources */ = {isa = PBXBuildFile; fileRef = 233FBCE929AAAA8B008CB891 /* Rover.swift */; };
/* End PBXBuildFile section */

/* Begin PBXFileReference section */
		233FBCCF29AAA9CE008CB891 /* Week4Assessment.NASA.app */ = {isa = PBXFileReference; explicitFileType = wrapper.application; includeInIndex = 0; path = Week4Assessment.NASA.app; sourceTree = BUILT_PRODUCTS_DIR; };
		233FBCD229AAA9CE008CB891 /* AppDelegate.swift */ = {isa = PBXFileReference; lastKnownFileType = sourcecode.swift; path = AppDelegate.swift; sourceTree = "<group>"; };
		233FBCD429AAA9CE008CB891 /* SceneDelegate.swift */ = {isa = PBXFileReference; lastKnownFileType = sourcecode.swift; path = SceneDelegate.swift; sourceTree = "<group>"; };
		233FBCD929AAA9CE008CB891 /* Base */ = {isa = PBXFileReference; lastKnownFileType = file.storyboard; name = Base; path = Base.lproj/Main.storyboard; sourceTree = "<group>"; };
		233FBCDB29AAA9CF008CB891 /* Assets.xcassets */ = {isa = PBXFileReference; lastKnownFileType = folder.assetcatalog; path = Assets.xcassets; sourceTree = "<group>"; };
		233FBCDE29AAA9CF008CB891 /* Base */ = {isa = PBXFileReference; lastKnownFileType = file.storyboard; name = Base; path = Base.lproj/LaunchScreen.storyboard; sourceTree = "<group>"; };
		233FBCE029AAA9CF008CB891 /* Info.plist */ = {isa = PBXFileReference; lastKnownFileType = text.plist.xml; path = Info.plist; sourceTree = "<group>"; };
		233FBCE929AAAA8B008CB891 /* Rover.swift */ = {isa = PBXFileReference; lastKnownFileType = sourcecode.swift; path = Rover.swift; sourceTree = "<group>"; };
/* End PBXFileReference section */

/* Begin PBXFrameworksBuildPhase section */
		233FBCCC29AAA9CE008CB891 /* Frameworks */ = {
			isa = PBXFrameworksBuildPhase;
			buildActionMask = 2147483647;
			files = (
			);
			runOnlyForDeploymentPostprocessing = 0;
		};
/* End PBXFrameworksBuildPhase section */

/* Begin PBXGroup section */
		233FBCC629AAA9CE008CB891 = {
			isa = PBXGroup;
			children = (
				233FBCD129AAA9CE008CB891 /* Week4Assessment.NASA */,
				233FBCD029AAA9CE008CB891 /* Products */,
			);
			sourceTree = "<group>";
		};
		233FBCD029AAA9CE008CB891 /* Products */ = {
			isa = PBXGroup;
			children = (
				233FBCCF29AAA9CE008CB891 /* Week4Assessment.NASA.app */,
			);
			name = Products;
			sourceTree = "<group>";
		};
		233FBCD129AAA9CE008CB891 /* Week4Assessment.NASA */ = {
			isa = PBXGroup;
			children = (
				233FBCEB29AAED1B008CB891 /* ModelController */,
				233FBCE829AAAA4E008CB891 /* Model */,
				233FBCE729AAAA2F008CB891 /* Storyboards */,
				233FBCE629AAA9F3008CB891 /* SupportingFiles */,
			);
			path = Week4Assessment.NASA;
			sourceTree = "<group>";
		};
		233FBCE629AAA9F3008CB891 /* SupportingFiles */ = {
			isa = PBXGroup;
			children = (
				233FBCD229AAA9CE008CB891 /* AppDelegate.swift */,
				233FBCD429AAA9CE008CB891 /* SceneDelegate.swift */,
				233FBCDB29AAA9CF008CB891 /* Assets.xcassets */,
				233FBCE029AAA9CF008CB891 /* Info.plist */,
			);
			path = SupportingFiles;
			sourceTree = "<group>";
		};
		233FBCE729AAAA2F008CB891 /* Storyboards */ = {
			isa = PBXGroup;
			children = (
				233FBCD829AAA9CE008CB891 /* Main.storyboard */,
				233FBCDD29AAA9CF008CB891 /* LaunchScreen.storyboard */,
			);
			path = Storyboards;
			sourceTree = "<group>";
		};
		233FBCE829AAAA4E008CB891 /* Model */ = {
			isa = PBXGroup;
			children = (
				233FBCE929AAAA8B008CB891 /* Rover.swift */,
			);
			path = Model;
			sourceTree = "<group>";
		};
		233FBCEB29AAED1B008CB891 /* ModelController */ = {
			isa = PBXGroup;
			children = (
			);
			path = ModelController;
			sourceTree = "<group>";
		};
/* End PBXGroup section */

/* Begin PBXNativeTarget section */
		233FBCCE29AAA9CE008CB891 /* Week4Assessment.NASA */ = {
			isa = PBXNativeTarget;
			buildConfigurationList = 233FBCE329AAA9CF008CB891 /* Build configuration list for PBXNativeTarget "Week4Assessment.NASA" */;
			buildPhases = (
				233FBCCB29AAA9CE008CB891 /* Sources */,
				233FBCCC29AAA9CE008CB891 /* Frameworks */,
				233FBCCD29AAA9CE008CB891 /* Resources */,
			);
			buildRules = (
			);
			dependencies = (
			);
			name = Week4Assessment.NASA;
			productName = Week4Assessment.NASA;
			productReference = 233FBCCF29AAA9CE008CB891 /* Week4Assessment.NASA.app */;
			productType = "com.apple.product-type.application";
		};
/* End PBXNativeTarget section */

/* Begin PBXProject section */
		233FBCC729AAA9CE008CB891 /* Project object */ = {
			isa = PBXProject;
			attributes = {
				BuildIndependentTargetsInParallel = 1;
				LastSwiftUpdateCheck = 1420;
				LastUpgradeCheck = 1420;
				TargetAttributes = {
					233FBCCE29AAA9CE008CB891 = {
						CreatedOnToolsVersion = 14.2;
					};
				};
			};
			buildConfigurationList = 233FBCCA29AAA9CE008CB891 /* Build configuration list for PBXProject "Week4Assessment.NASA" */;
			compatibilityVersion = "Xcode 14.0";
			developmentRegion = en;
			hasScannedForEncodings = 0;
			knownRegions = (
				en,
				Base,
			);
			mainGroup = 233FBCC629AAA9CE008CB891;
			productRefGroup = 233FBCD029AAA9CE008CB891 /* Products */;
			projectDirPath = "";
			projectRoot = "";
			targets = (
				233FBCCE29AAA9CE008CB891 /* Week4Assessment.NASA */,
			);
		};
/* End PBXProject section */

/* Begin PBXResourcesBuildPhase section */
		233FBCCD29AAA9CE008CB891 /* Resources */ = {
			isa = PBXResourcesBuildPhase;
			buildActionMask = 2147483647;
			files = (
				233FBCDF29AAA9CF008CB891 /* LaunchScreen.storyboard in Resources */,
				233FBCDC29AAA9CF008CB891 /* Assets.xcassets in Resources */,
				233FBCDA29AAA9CE008CB891 /* Main.storyboard in Resources */,
			);
			runOnlyForDeploymentPostprocessing = 0;
		};
/* End PBXResourcesBuildPhase section */

/* Begin PBXSourcesBuildPhase section */
		233FBCCB29AAA9CE008CB891 /* Sources */ = {
			isa = PBXSourcesBuildPhase;
			buildActionMask = 2147483647;
			files = (
				233FBCD329AAA9CE008CB891 /* AppDelegate.swift in Sources */,
				233FBCD529AAA9CE008CB891 /* SceneDelegate.swift in Sources */,
				233FBCEA29AAAA8B008CB891 /* Rover.swift in Sources */,
			);
			runOnlyForDeploymentPostprocessing = 0;
		};
/* End PBXSourcesBuildPhase section */

/* Begin PBXVariantGroup section */
		233FBCD829AAA9CE008CB891 /* Main.storyboard */ = {
			isa = PBXVariantGroup;
			children = (
				233FBCD929AAA9CE008CB891 /* Base */,
			);
			name = Main.storyboard;
			sourceTree = "<group>";
		};
		233FBCDD29AAA9CF008CB891 /* LaunchScreen.storyboard */ = {
			isa = PBXVariantGroup;
			children = (
				233FBCDE29AAA9CF008CB891 /* Base */,
			);
			name = LaunchScreen.storyboard;
			sourceTree = "<group>";
		};
/* End PBXVariantGroup section */

/* Begin XCBuildConfiguration section */
		233FBCE129AAA9CF008CB891 /* Debug */ = {
			isa = XCBuildConfiguration;
			buildSettings = {
				ALWAYS_SEARCH_USER_PATHS = NO;
				CLANG_ANALYZER_NONNULL = YES;
				CLANG_ANALYZER_NUMBER_OBJECT_CONVERSION = YES_AGGRESSIVE;
				CLANG_CXX_LANGUAGE_STANDARD = "gnu++20";
				CLANG_ENABLE_MODULES = YES;
				CLANG_ENABLE_OBJC_ARC = YES;
				CLANG_ENABLE_OBJC_WEAK = YES;
				CLANG_WARN_BLOCK_CAPTURE_AUTORELEASING = YES;
				CLANG_WARN_BOOL_CONVERSION = YES;
				CLANG_WARN_COMMA = YES;
				CLANG_WARN_CONSTANT_CONVERSION = YES;
				CLANG_WARN_DEPRECATED_OBJC_IMPLEMENTATIONS = YES;
				CLANG_WARN_DIRECT_OBJC_ISA_USAGE = YES_ERROR;
				CLANG_WARN_DOCUMENTATION_COMMENTS = YES;
				CLANG_WARN_EMPTY_BODY = YES;
				CLANG_WARN_ENUM_CONVERSION = YES;
				CLANG_WARN_INFINITE_RECURSION = YES;
				CLANG_WARN_INT_CONVERSION = YES;
				CLANG_WARN_NON_LITERAL_NULL_CONVERSION = YES;
				CLANG_WARN_OBJC_IMPLICIT_RETAIN_SELF = YES;
				CLANG_WARN_OBJC_LITERAL_CONVERSION = YES;
				CLANG_WARN_OBJC_ROOT_CLASS = YES_ERROR;
				CLANG_WARN_QUOTED_INCLUDE_IN_FRAMEWORK_HEADER = YES;
				CLANG_WARN_RANGE_LOOP_ANALYSIS = YES;
				CLANG_WARN_STRICT_PROTOTYPES = YES;
				CLANG_WARN_SUSPICIOUS_MOVE = YES;
				CLANG_WARN_UNGUARDED_AVAILABILITY = YES_AGGRESSIVE;
				CLANG_WARN_UNREACHABLE_CODE = YES;
				CLANG_WARN__DUPLICATE_METHOD_MATCH = YES;
				COPY_PHASE_STRIP = NO;
				DEBUG_INFORMATION_FORMAT = dwarf;
				ENABLE_STRICT_OBJC_MSGSEND = YES;
				ENABLE_TESTABILITY = YES;
				GCC_C_LANGUAGE_STANDARD = gnu11;
				GCC_DYNAMIC_NO_PIC = NO;
				GCC_NO_COMMON_BLOCKS = YES;
				GCC_OPTIMIZATION_LEVEL = 0;
				GCC_PREPROCESSOR_DEFINITIONS = (
					"DEBUG=1",
					"$(inherited)",
				);
				GCC_WARN_64_TO_32_BIT_CONVERSION = YES;
				GCC_WARN_ABOUT_RETURN_TYPE = YES_ERROR;
				GCC_WARN_UNDECLARED_SELECTOR = YES;
				GCC_WARN_UNINITIALIZED_AUTOS = YES_AGGRESSIVE;
				GCC_WARN_UNUSED_FUNCTION = YES;
				GCC_WARN_UNUSED_VARIABLE = YES;
				IPHONEOS_DEPLOYMENT_TARGET = 16.2;
				MTL_ENABLE_DEBUG_INFO = INCLUDE_SOURCE;
				MTL_FAST_MATH = YES;
				ONLY_ACTIVE_ARCH = YES;
				SDKROOT = iphoneos;
				SWIFT_ACTIVE_COMPILATION_CONDITIONS = DEBUG;
				SWIFT_OPTIMIZATION_LEVEL = "-Onone";
			};
			name = Debug;
		};
		233FBCE229AAA9CF008CB891 /* Release */ = {
			isa = XCBuildConfiguration;
			buildSettings = {
				ALWAYS_SEARCH_USER_PATHS = NO;
				CLANG_ANALYZER_NONNULL = YES;
				CLANG_ANALYZER_NUMBER_OBJECT_CONVERSION = YES_AGGRESSIVE;
				CLANG_CXX_LANGUAGE_STANDARD = "gnu++20";
				CLANG_ENABLE_MODULES = YES;
				CLANG_ENABLE_OBJC_ARC = YES;
				CLANG_ENABLE_OBJC_WEAK = YES;
				CLANG_WARN_BLOCK_CAPTURE_AUTORELEASING = YES;
				CLANG_WARN_BOOL_CONVERSION = YES;
				CLANG_WARN_COMMA = YES;
				CLANG_WARN_CONSTANT_CONVERSION = YES;
				CLANG_WARN_DEPRECATED_OBJC_IMPLEMENTATIONS = YES;
				CLANG_WARN_DIRECT_OBJC_ISA_USAGE = YES_ERROR;
				CLANG_WARN_DOCUMENTATION_COMMENTS = YES;
				CLANG_WARN_EMPTY_BODY = YES;
				CLANG_WARN_ENUM_CONVERSION = YES;
				CLANG_WARN_INFINITE_RECURSION = YES;
				CLANG_WARN_INT_CONVERSION = YES;
				CLANG_WARN_NON_LITERAL_NULL_CONVERSION = YES;
				CLANG_WARN_OBJC_IMPLICIT_RETAIN_SELF = YES;
				CLANG_WARN_OBJC_LITERAL_CONVERSION = YES;
				CLANG_WARN_OBJC_ROOT_CLASS = YES_ERROR;
				CLANG_WARN_QUOTED_INCLUDE_IN_FRAMEWORK_HEADER = YES;
				CLANG_WARN_RANGE_LOOP_ANALYSIS = YES;
				CLANG_WARN_STRICT_PROTOTYPES = YES;
				CLANG_WARN_SUSPICIOUS_MOVE = YES;
				CLANG_WARN_UNGUARDED_AVAILABILITY = YES_AGGRESSIVE;
				CLANG_WARN_UNREACHABLE_CODE = YES;
				CLANG_WARN__DUPLICATE_METHOD_MATCH = YES;
				COPY_PHASE_STRIP = NO;
				DEBUG_INFORMATION_FORMAT = "dwarf-with-dsym";
				ENABLE_NS_ASSERTIONS = NO;
				ENABLE_STRICT_OBJC_MSGSEND = YES;
				GCC_C_LANGUAGE_STANDARD = gnu11;
				GCC_NO_COMMON_BLOCKS = YES;
				GCC_WARN_64_TO_32_BIT_CONVERSION = YES;
				GCC_WARN_ABOUT_RETURN_TYPE = YES_ERROR;
				GCC_WARN_UNDECLARED_SELECTOR = YES;
				GCC_WARN_UNINITIALIZED_AUTOS = YES_AGGRESSIVE;
				GCC_WARN_UNUSED_FUNCTION = YES;
				GCC_WARN_UNUSED_VARIABLE = YES;
				IPHONEOS_DEPLOYMENT_TARGET = 16.2;
				MTL_ENABLE_DEBUG_INFO = NO;
				MTL_FAST_MATH = YES;
				SDKROOT = iphoneos;
				SWIFT_COMPILATION_MODE = wholemodule;
				SWIFT_OPTIMIZATION_LEVEL = "-O";
				VALIDATE_PRODUCT = YES;
			};
			name = Release;
		};
		233FBCE429AAA9CF008CB891 /* Debug */ = {
			isa = XCBuildConfiguration;
			buildSettings = {
				ASSETCATALOG_COMPILER_APPICON_NAME = AppIcon;
				ASSETCATALOG_COMPILER_GLOBAL_ACCENT_COLOR_NAME = AccentColor;
				CODE_SIGN_STYLE = Automatic;
				CURRENT_PROJECT_VERSION = 1;
				GENERATE_INFOPLIST_FILE = YES;
				INFOPLIST_FILE = Week4Assessment.NASA/SupportingFiles/Info.plist;
				INFOPLIST_KEY_UIApplicationSupportsIndirectInputEvents = YES;
				INFOPLIST_KEY_UILaunchStoryboardName = LaunchScreen;
				INFOPLIST_KEY_UIMainStoryboardFile = Main;
				INFOPLIST_KEY_UISupportedInterfaceOrientations_iPad = "UIInterfaceOrientationPortrait UIInterfaceOrientationPortraitUpsideDown UIInterfaceOrientationLandscapeLeft UIInterfaceOrientationLandscapeRight";
				INFOPLIST_KEY_UISupportedInterfaceOrientations_iPhone = "UIInterfaceOrientationPortrait UIInterfaceOrientationLandscapeLeft UIInterfaceOrientationLandscapeRight";
				LD_RUNPATH_SEARCH_PATHS = (
					"$(inherited)",
					"@executable_path/Frameworks",
				);
				MARKETING_VERSION = 1.0;
				PRODUCT_BUNDLE_IDENTIFIER = "dotGlo.Week4Assessment-NASA";
				PRODUCT_NAME = "$(TARGET_NAME)";
				SWIFT_EMIT_LOC_STRINGS = YES;
				SWIFT_VERSION = 5.0;
				TARGETED_DEVICE_FAMILY = "1,2";
			};
			name = Debug;
		};
		233FBCE529AAA9CF008CB891 /* Release */ = {
			isa = XCBuildConfiguration;
			buildSettings = {
				ASSETCATALOG_COMPILER_APPICON_NAME = AppIcon;
				ASSETCATALOG_COMPILER_GLOBAL_ACCENT_COLOR_NAME = AccentColor;
				CODE_SIGN_STYLE = Automatic;
				CURRENT_PROJECT_VERSION = 1;
				GENERATE_INFOPLIST_FILE = YES;
				INFOPLIST_FILE = Week4Assessment.NASA/SupportingFiles/Info.plist;
				INFOPLIST_KEY_UIApplicationSupportsIndirectInputEvents = YES;
				INFOPLIST_KEY_UILaunchStoryboardName = LaunchScreen;
				INFOPLIST_KEY_UIMainStoryboardFile = Main;
				INFOPLIST_KEY_UISupportedInterfaceOrientations_iPad = "UIInterfaceOrientationPortrait UIInterfaceOrientationPortraitUpsideDown UIInterfaceOrientationLandscapeLeft UIInterfaceOrientationLandscapeRight";
				INFOPLIST_KEY_UISupportedInterfaceOrientations_iPhone = "UIInterfaceOrientationPortrait UIInterfaceOrientationLandscapeLeft UIInterfaceOrientationLandscapeRight";
				LD_RUNPATH_SEARCH_PATHS = (
					"$(inherited)",
					"@executable_path/Frameworks",
				);
				MARKETING_VERSION = 1.0;
				PRODUCT_BUNDLE_IDENTIFIER = "dotGlo.Week4Assessment-NASA";
				PRODUCT_NAME = "$(TARGET_NAME)";
				SWIFT_EMIT_LOC_STRINGS = YES;
				SWIFT_VERSION = 5.0;
				TARGETED_DEVICE_FAMILY = "1,2";
			};
			name = Release;
		};
/* End XCBuildConfiguration section */

/* Begin XCConfigurationList section */
		233FBCCA29AAA9CE008CB891 /* Build configuration list for PBXProject "Week4Assessment.NASA" */ = {
			isa = XCConfigurationList;
			buildConfigurations = (
				233FBCE129AAA9CF008CB891 /* Debug */,
				233FBCE229AAA9CF008CB891 /* Release */,
			);
			defaultConfigurationIsVisible = 0;
			defaultConfigurationName = Release;
		};
		233FBCE329AAA9CF008CB891 /* Build configuration list for PBXNativeTarget "Week4Assessment.NASA" */ = {
			isa = XCConfigurationList;
			buildConfigurations = (
				233FBCE429AAA9CF008CB891 /* Debug */,
				233FBCE529AAA9CF008CB891 /* Release */,
			);
			defaultConfigurationIsVisible = 0;
			defaultConfigurationName = Release;
		};
/* End XCConfigurationList section */
	};
	rootObject = 233FBCC729AAA9CE008CB891 /* Project object */;
}
